
Microsoft Visual Studio Solution File, Format Version 12.00
# Visual Studio Version 16
VisualStudioVersion = 16.0.31112.23
MinimumVisualStudioVersion = 10.0.40219.1
Project("{9A19103F-16F7-4668-BE54-9A1E7A4F7556}") = "RazorPagesFormValidation", "WebApplication3\RazorPagesFormValidation.csproj", "{261D7C3A-1BAA-44FC-831A-BF657400BF71}"
EndProject
Global
	GlobalSection(SolutionConfigurationPlatforms) = preSolution
		Debug|Any CPU = Debug|Any CPU
		Release|Any CPU = Release|Any CPU
	EndGlobalSection
	GlobalSection(ProjectConfigurationPlatforms) = postSolution
		{261D7C3A-1BAA-44FC-831A-BF657400BF71}.Debug|Any CPU.ActiveCfg = Debug|Any CPU
		{261D7C3A-1BAA-44FC-831A-BF657400BF71}.Debug|Any CPU.Build.0 = Debug|Any CPU
		{261D7C3A-1BAA-44FC-831A-BF657400BF71}.Release|Any CPU.ActiveCfg = Release|Any CPU
		{261D7C3A-1BAA-44FC-831A-BF657400BF71}.Release|Any CPU.Build.0 = Release|Any CPU
	EndGlobalSection
	GlobalSection(SolutionProperties) = preSolution
		HideSolutionNode = FALSE
	EndGlobalSection
	GlobalSection(ExtensibilityGlobals) = postSolution
		SolutionGuid = {69B3F42A-9D0C-4226-9A2D-D5FF3140A8D4}
	EndGlobalSection
EndGlobal
